
Microsoft Visual Studio Solution File, Format Version 12.00
# Visual Studio Version 17
VisualStudioVersion = 17.10.34928.147
MinimumVisualStudioVersion = 10.0.40219.1
Project("{9A19103F-16F7-4668-BE54-9A1E7A4F7556}") = "tutorial", "tutorial\tutorial.csproj", "{577C7AB6-E8E2-48CF-9706-8A4BD97BB091}"
EndProject
Global
	GlobalSection(SolutionConfigurationPlatforms) = preSolution
		Debug|Any CPU = Debug|Any CPU
		Release|Any CPU = Release|Any CPU
	EndGlobalSection
	GlobalSection(ProjectConfigurationPlatforms) = postSolution
		{577C7AB6-E8E2-48CF-9706-8A4BD97BB091}.Debug|Any CPU.ActiveCfg = Debug|Any CPU
		{577C7AB6-E8E2-48CF-9706-8A4BD97BB091}.Debug|Any CPU.Build.0 = Debug|Any CPU
		{577C7AB6-E8E2-48CF-9706-8A4BD97BB091}.Release|Any CPU.ActiveCfg = Release|Any CPU
		{577C7AB6-E8E2-48CF-9706-8A4BD97BB091}.Release|Any CPU.Build.0 = Release|Any CPU
	EndGlobalSection
	GlobalSection(SolutionProperties) = preSolution
		HideSolutionNode = FALSE
	EndGlobalSection
	GlobalSection(ExtensibilityGlobals) = postSolution
		SolutionGuid = {F3A9F74C-1F6C-4AB7-885F-4F277BF091D1}
	EndGlobalSection
EndGlobal
